// !$*UTF8*$!
{
	archiveVersion = 1;
	classes = {
	};
	objectVersion = 48;
	objects = {

/* Begin PBXBuildFile section */
		31664E182019C201007DE85A /* AppDelegate.swift in Sources */ = {isa = PBXBuildFile; fileRef = 31664E172019C201007DE85A /* AppDelegate.swift */; };
		31664E1A2019C201007DE85A /* ViewController.swift in Sources */ = {isa = PBXBuildFile; fileRef = 31664E192019C201007DE85A /* ViewController.swift */; };
		31664E1D2019C201007DE85A /* Main.storyboard in Resources */ = {isa = PBXBuildFile; fileRef = 31664E1B2019C201007DE85A /* Main.storyboard */; };
		31664E1F2019C201007DE85A /* Assets.xcassets in Resources */ = {isa = PBXBuildFile; fileRef = 31664E1E2019C201007DE85A /* Assets.xcassets */; };
		31664E222019C201007DE85A /* LaunchScreen.storyboard in Resources */ = {isa = PBXBuildFile; fileRef = 31664E202019C201007DE85A /* LaunchScreen.storyboard */; };
		31664E2D2019C201007DE85A /* XcconfigExampleTests.swift in Sources */ = {isa = PBXBuildFile; fileRef = 31664E2C2019C201007DE85A /* XcconfigExampleTests.swift */; };
		31664E382019C201007DE85A /* XcconfigExampleUITests.swift in Sources */ = {isa = PBXBuildFile; fileRef = 31664E372019C201007DE85A /* XcconfigExampleUITests.swift */; };
/* End PBXBuildFile section */

/* Begin PBXContainerItemProxy section */
		31664E292019C201007DE85A /* PBXContainerItemProxy */ = {
			isa = PBXContainerItemProxy;
			containerPortal = 31664E0C2019C201007DE85A /* Project object */;
			proxyType = 1;
			remoteGlobalIDString = 31664E132019C201007DE85A;
			remoteInfo = XcconfigExample;
		};
		31664E342019C201007DE85A /* PBXContainerItemProxy */ = {
			isa = PBXContainerItemProxy;
			containerPortal = 31664E0C2019C201007DE85A /* Project object */;
			proxyType = 1;
			remoteGlobalIDString = 31664E132019C201007DE85A;
			remoteInfo = XcconfigExample;
		};
/* End PBXContainerItemProxy section */

/* Begin PBXFileReference section */
		31664E142019C201007DE85A /* Xc(test).app */ = {isa = PBXFileReference; explicitFileType = wrapper.application; includeInIndex = 0; path = "Xc(test).app"; sourceTree = BUILT_PRODUCTS_DIR; };
		31664E172019C201007DE85A /* AppDelegate.swift */ = {isa = PBXFileReference; lastKnownFileType = sourcecode.swift; path = AppDelegate.swift; sourceTree = "<group>"; };
		31664E192019C201007DE85A /* ViewController.swift */ = {isa = PBXFileReference; lastKnownFileType = sourcecode.swift; path = ViewController.swift; sourceTree = "<group>"; };
		31664E1C2019C201007DE85A /* Base */ = {isa = PBXFileReference; lastKnownFileType = file.storyboard; name = Base; path = Base.lproj/Main.storyboard; sourceTree = "<group>"; };
		31664E1E2019C201007DE85A /* Assets.xcassets */ = {isa = PBXFileReference; lastKnownFileType = folder.assetcatalog; path = Assets.xcassets; sourceTree = "<group>"; };
		31664E212019C201007DE85A /* Base */ = {isa = PBXFileReference; lastKnownFileType = file.storyboard; name = Base; path = Base.lproj/LaunchScreen.storyboard; sourceTree = "<group>"; };
		31664E232019C201007DE85A /* Info.plist */ = {isa = PBXFileReference; lastKnownFileType = text.plist.xml; path = Info.plist; sourceTree = "<group>"; };
		31664E282019C201007DE85A /* XcconfigExampleTests.xctest */ = {isa = PBXFileReference; explicitFileType = wrapper.cfbundle; includeInIndex = 0; path = XcconfigExampleTests.xctest; sourceTree = BUILT_PRODUCTS_DIR; };
		31664E2C2019C201007DE85A /* XcconfigExampleTests.swift */ = {isa = PBXFileReference; lastKnownFileType = sourcecode.swift; path = XcconfigExampleTests.swift; sourceTree = "<group>"; };
		31664E2E2019C201007DE85A /* Info.plist */ = {isa = PBXFileReference; lastKnownFileType = text.plist.xml; path = Info.plist; sourceTree = "<group>"; };
		31664E332019C201007DE85A /* XcconfigExampleUITests.xctest */ = {isa = PBXFileReference; explicitFileType = wrapper.cfbundle; includeInIndex = 0; path = XcconfigExampleUITests.xctest; sourceTree = BUILT_PRODUCTS_DIR; };
		31664E372019C201007DE85A /* XcconfigExampleUITests.swift */ = {isa = PBXFileReference; lastKnownFileType = sourcecode.swift; path = XcconfigExampleUITests.swift; sourceTree = "<group>"; };
		31664E392019C201007DE85A /* Info.plist */ = {isa = PBXFileReference; lastKnownFileType = text.plist.xml; path = Info.plist; sourceTree = "<group>"; };
		31664E462019C23B007DE85A /* Base.xcconfig */ = {isa = PBXFileReference; lastKnownFileType = text.xcconfig; path = Base.xcconfig; sourceTree = "<group>"; };
		31664E472019C24A007DE85A /* Debug.xcconfig */ = {isa = PBXFileReference; lastKnownFileType = text.xcconfig; path = Debug.xcconfig; sourceTree = "<group>"; };
		31664E482019C258007DE85A /* Release.xcconfig */ = {isa = PBXFileReference; lastKnownFileType = text.xcconfig; path = Release.xcconfig; sourceTree = "<group>"; };
		31664E492019C264007DE85A /* PreRelease.xcconfig */ = {isa = PBXFileReference; lastKnownFileType = text.xcconfig; path = PreRelease.xcconfig; sourceTree = "<group>"; };
		31EE67DF201EEE7D00D77472 /* WaterMarkIconForDebug.sh */ = {isa = PBXFileReference; lastKnownFileType = text.script.sh; path = WaterMarkIconForDebug.sh; sourceTree = "<group>"; xcLanguageSpecificationIdentifier = xcode.lang.sh; };
/* End PBXFileReference section */

/* Begin PBXFrameworksBuildPhase section */
		31664E112019C201007DE85A /* Frameworks */ = {
			isa = PBXFrameworksBuildPhase;
			buildActionMask = 2147483647;
			files = (
			);
			runOnlyForDeploymentPostprocessing = 0;
		};
		31664E252019C201007DE85A /* Frameworks */ = {
			isa = PBXFrameworksBuildPhase;
			buildActionMask = 2147483647;
			files = (
			);
			runOnlyForDeploymentPostprocessing = 0;
		};
		31664E302019C201007DE85A /* Frameworks */ = {
			isa = PBXFrameworksBuildPhase;
			buildActionMask = 2147483647;
			files = (
			);
			runOnlyForDeploymentPostprocessing = 0;
		};
/* End PBXFrameworksBuildPhase section */

/* Begin PBXGroup section */
		31664E0B2019C201007DE85A = {
			isa = PBXGroup;
			children = (
				31EE67DF201EEE7D00D77472 /* WaterMarkIconForDebug.sh */,
				31664E162019C201007DE85A /* XcconfigExample */,
				31664E2B2019C201007DE85A /* XcconfigExampleTests */,
				31664E362019C201007DE85A /* XcconfigExampleUITests */,
				31664E152019C201007DE85A /* Products */,
			);
			sourceTree = "<group>";
		};
		31664E152019C201007DE85A /* Products */ = {
			isa = PBXGroup;
			children = (
				31664E142019C201007DE85A /* Xc(test).app */,
				31664E282019C201007DE85A /* XcconfigExampleTests.xctest */,
				31664E332019C201007DE85A /* XcconfigExampleUITests.xctest */,
			);
			name = Products;
			sourceTree = "<group>";
		};
		31664E162019C201007DE85A /* XcconfigExample */ = {
			isa = PBXGroup;
			children = (
				31664E452019C218007DE85A /* Config */,
				31664E172019C201007DE85A /* AppDelegate.swift */,
				31664E192019C201007DE85A /* ViewController.swift */,
				31664E1B2019C201007DE85A /* Main.storyboard */,
				31664E1E2019C201007DE85A /* Assets.xcassets */,
				31664E202019C201007DE85A /* LaunchScreen.storyboard */,
				31664E232019C201007DE85A /* Info.plist */,
			);
			path = XcconfigExample;
			sourceTree = "<group>";
		};
		31664E2B2019C201007DE85A /* XcconfigExampleTests */ = {
			isa = PBXGroup;
			children = (
				31664E2C2019C201007DE85A /* XcconfigExampleTests.swift */,
				31664E2E2019C201007DE85A /* Info.plist */,
			);
			path = XcconfigExampleTests;
			sourceTree = "<group>";
		};
		31664E362019C201007DE85A /* XcconfigExampleUITests */ = {
			isa = PBXGroup;
			children = (
				31664E372019C201007DE85A /* XcconfigExampleUITests.swift */,
				31664E392019C201007DE85A /* Info.plist */,
			);
			path = XcconfigExampleUITests;
			sourceTree = "<group>";
		};
		31664E452019C218007DE85A /* Config */ = {
			isa = PBXGroup;
			children = (
				31664E462019C23B007DE85A /* Base.xcconfig */,
				31664E472019C24A007DE85A /* Debug.xcconfig */,
				31664E482019C258007DE85A /* Release.xcconfig */,
				31664E492019C264007DE85A /* PreRelease.xcconfig */,
			);
			path = Config;
			sourceTree = "<group>";
		};
/* End PBXGroup section */

/* Begin PBXNativeTarget section */
		31664E132019C201007DE85A /* XcconfigExample */ = {
			isa = PBXNativeTarget;
			buildConfigurationList = 31664E3C2019C201007DE85A /* Build configuration list for PBXNativeTarget "XcconfigExample" */;
			buildPhases = (
				31664E102019C201007DE85A /* Sources */,
				31664E112019C201007DE85A /* Frameworks */,
				31664E122019C201007DE85A /* Resources */,
				31EE67E0201EF4D900D77472 /* Run Script */,
			);
			buildRules = (
			);
			dependencies = (
			);
			name = XcconfigExample;
			productName = XcconfigExample;
			productReference = 31664E142019C201007DE85A /* Xc(test).app */;
			productType = "com.apple.product-type.application";
		};
		31664E272019C201007DE85A /* XcconfigExampleTests */ = {
			isa = PBXNativeTarget;
			buildConfigurationList = 31664E3F2019C201007DE85A /* Build configuration list for PBXNativeTarget "XcconfigExampleTests" */;
			buildPhases = (
				BFC00D196916A1AEE95519F5 /* [CP] Check Pods Manifest.lock */,
				31664E242019C201007DE85A /* Sources */,
				31664E252019C201007DE85A /* Frameworks */,
				31664E262019C201007DE85A /* Resources */,
				33EB74A2663AEFDF05BC4F15 /* [CP] Embed Pods Frameworks */,
				F289AFEDF86FC19B1EB0AA0D /* [CP] Copy Pods Resources */,
			);
			buildRules = (
			);
			dependencies = (
				31664E2A2019C201007DE85A /* PBXTargetDependency */,
			);
			name = XcconfigExampleTests;
			productName = XcconfigExampleTests;
			productReference = 31664E282019C201007DE85A /* XcconfigExampleTests.xctest */;
			productType = "com.apple.product-type.bundle.unit-test";
		};
		31664E322019C201007DE85A /* XcconfigExampleUITests */ = {
			isa = PBXNativeTarget;
			buildConfigurationList = 31664E422019C201007DE85A /* Build configuration list for PBXNativeTarget "XcconfigExampleUITests" */;
			buildPhases = (
				642349173D83201284AF5067 /* [CP] Check Pods Manifest.lock */,
				31664E2F2019C201007DE85A /* Sources */,
				31664E302019C201007DE85A /* Frameworks */,
				31664E312019C201007DE85A /* Resources */,
				9C0B129E32B1859477F22787 /* [CP] Embed Pods Frameworks */,
				A3BBF0B9DF9917B7CD582CCE /* [CP] Copy Pods Resources */,
			);
			buildRules = (
			);
			dependencies = (
				31664E352019C201007DE85A /* PBXTargetDependency */,
			);
			name = XcconfigExampleUITests;
			productName = XcconfigExampleUITests;
			productReference = 31664E332019C201007DE85A /* XcconfigExampleUITests.xctest */;
			productType = "com.apple.product-type.bundle.ui-testing";
		};
/* End PBXNativeTarget section */

/* Begin PBXProject section */
		31664E0C2019C201007DE85A /* Project object */ = {
			isa = PBXProject;
			attributes = {
				LastSwiftUpdateCheck = 0920;
				LastUpgradeCheck = 0920;
				ORGANIZATIONNAME = deerdev;
				TargetAttributes = {
					31664E132019C201007DE85A = {
						CreatedOnToolsVersion = 9.2;
						ProvisioningStyle = Automatic;
					};
					31664E272019C201007DE85A = {
						CreatedOnToolsVersion = 9.2;
						ProvisioningStyle = Automatic;
						TestTargetID = 31664E132019C201007DE85A;
					};
					31664E322019C201007DE85A = {
						CreatedOnToolsVersion = 9.2;
						ProvisioningStyle = Automatic;
						TestTargetID = 31664E132019C201007DE85A;
					};
				};
			};
			buildConfigurationList = 31664E0F2019C201007DE85A /* Build configuration list for PBXProject "XcconfigExample" */;
			compatibilityVersion = "Xcode 8.0";
			developmentRegion = en;
			hasScannedForEncodings = 0;
			knownRegions = (
				en,
				Base,
			);
			mainGroup = 31664E0B2019C201007DE85A;
			productRefGroup = 31664E152019C201007DE85A /* Products */;
			projectDirPath = "";
			projectRoot = "";
			targets = (
				31664E132019C201007DE85A /* XcconfigExample */,
				31664E272019C201007DE85A /* XcconfigExampleTests */,
				31664E322019C201007DE85A /* XcconfigExampleUITests */,
			);
		};
/* End PBXProject section */

/* Begin PBXResourcesBuildPhase section */
		31664E122019C201007DE85A /* Resources */ = {
			isa = PBXResourcesBuildPhase;
			buildActionMask = 2147483647;
			files = (
				31664E222019C201007DE85A /* LaunchScreen.storyboard in Resources */,
				31664E1F2019C201007DE85A /* Assets.xcassets in Resources */,
				31664E1D2019C201007DE85A /* Main.storyboard in Resources */,
			);
			runOnlyForDeploymentPostprocessing = 0;
		};
		31664E262019C201007DE85A /* Resources */ = {
			isa = PBXResourcesBuildPhase;
			buildActionMask = 2147483647;
			files = (
			);
			runOnlyForDeploymentPostprocessing = 0;
		};
		31664E312019C201007DE85A /* Resources */ = {
			isa = PBXResourcesBuildPhase;
			buildActionMask = 2147483647;
			files = (
			);
			runOnlyForDeploymentPostprocessing = 0;
		};
/* End PBXResourcesBuildPhase section */

/* Begin PBXShellScriptBuildPhase section */
		31EE67E0201EF4D900D77472 /* Run Script */ = {
			isa = PBXShellScriptBuildPhase;
			buildActionMask = 2147483647;
			files = (
			);
			inputPaths = (
			);
			name = "Run Script";
			outputPaths = (
			);
			runOnlyForDeploymentPostprocessing = 0;
			shellPath = /bin/sh;
			shellScript = "\"${SRCROOT}/WaterMarkIconForDebug.sh\"";
		};
		33EB74A2663AEFDF05BC4F15 /* [CP] Embed Pods Frameworks */ = {
			isa = PBXShellScriptBuildPhase;
			buildActionMask = 2147483647;
			files = (
			);
			inputPaths = (
				"${SRCROOT}/Pods/Target Support Files/Pods-XcconfigExampleTests/Pods-XcconfigExampleTests-frameworks.sh",
				"${BUILT_PRODUCTS_DIR}/SwiftyJSON/SwiftyJSON.framework",
			);
			name = "[CP] Embed Pods Frameworks";
			outputPaths = (
				"${TARGET_BUILD_DIR}/${FRAMEWORKS_FOLDER_PATH}/SwiftyJSON.framework",
			);
			runOnlyForDeploymentPostprocessing = 0;
			shellPath = /bin/sh;
			shellScript = "\"${SRCROOT}/Pods/Target Support Files/Pods-XcconfigExampleTests/Pods-XcconfigExampleTests-frameworks.sh\"\n";
			showEnvVarsInLog = 0;
		};
		642349173D83201284AF5067 /* [CP] Check Pods Manifest.lock */ = {
			isa = PBXShellScriptBuildPhase;
			buildActionMask = 2147483647;
			files = (
			);
			inputPaths = (
				"${PODS_PODFILE_DIR_PATH}/Podfile.lock",
				"${PODS_ROOT}/Manifest.lock",
			);
			name = "[CP] Check Pods Manifest.lock";
			outputPaths = (
				"$(DERIVED_FILE_DIR)/Pods-XcconfigExampleUITests-checkManifestLockResult.txt",
			);
			runOnlyForDeploymentPostprocessing = 0;
			shellPath = /bin/sh;
			shellScript = "diff \"${PODS_PODFILE_DIR_PATH}/Podfile.lock\" \"${PODS_ROOT}/Manifest.lock\" > /dev/null\nif [ $? != 0 ] ; then\n    # print error to STDERR\n    echo \"error: The sandbox is not in sync with the Podfile.lock. Run 'pod install' or update your CocoaPods installation.\" >&2\n    exit 1\nfi\n# This output is used by Xcode 'outputs' to avoid re-running this script phase.\necho \"SUCCESS\" > \"${SCRIPT_OUTPUT_FILE_0}\"\n";
			showEnvVarsInLog = 0;
		};
		9C0B129E32B1859477F22787 /* [CP] Embed Pods Frameworks */ = {
			isa = PBXShellScriptBuildPhase;
			buildActionMask = 2147483647;
			files = (
			);
			inputPaths = (
			);
			name = "[CP] Embed Pods Frameworks";
			outputPaths = (
			);
			runOnlyForDeploymentPostprocessing = 0;
			shellPath = /bin/sh;
			shellScript = "\"${SRCROOT}/Pods/Target Support Files/Pods-XcconfigExampleUITests/Pods-XcconfigExampleUITests-frameworks.sh\"\n";
			showEnvVarsInLog = 0;
		};
		A3BBF0B9DF9917B7CD582CCE /* [CP] Copy Pods Resources */ = {
			isa = PBXShellScriptBuildPhase;
			buildActionMask = 2147483647;
			files = (
			);
			inputPaths = (
			);
			name = "[CP] Copy Pods Resources";
			outputPaths = (
			);
			runOnlyForDeploymentPostprocessing = 0;
			shellPath = /bin/sh;
			shellScript = "\"${SRCROOT}/Pods/Target Support Files/Pods-XcconfigExampleUITests/Pods-XcconfigExampleUITests-resources.sh\"\n";
			showEnvVarsInLog = 0;
		};
		BFC00D196916A1AEE95519F5 /* [CP] Check Pods Manifest.lock */ = {
			isa = PBXShellScriptBuildPhase;
			buildActionMask = 2147483647;
			files = (
			);
			inputPaths = (
				"${PODS_PODFILE_DIR_PATH}/Podfile.lock",
				"${PODS_ROOT}/Manifest.lock",
			);
			name = "[CP] Check Pods Manifest.lock";
			outputPaths = (
				"$(DERIVED_FILE_DIR)/Pods-XcconfigExampleTests-checkManifestLockResult.txt",
			);
			runOnlyForDeploymentPostprocessing = 0;
			shellPath = /bin/sh;
			shellScript = "diff \"${PODS_PODFILE_DIR_PATH}/Podfile.lock\" \"${PODS_ROOT}/Manifest.lock\" > /dev/null\nif [ $? != 0 ] ; then\n    # print error to STDERR\n    echo \"error: The sandbox is not in sync with the Podfile.lock. Run 'pod install' or update your CocoaPods installation.\" >&2\n    exit 1\nfi\n# This output is used by Xcode 'outputs' to avoid re-running this script phase.\necho \"SUCCESS\" > \"${SCRIPT_OUTPUT_FILE_0}\"\n";
			showEnvVarsInLog = 0;
		};
		F289AFEDF86FC19B1EB0AA0D /* [CP] Copy Pods Resources */ = {
			isa = PBXShellScriptBuildPhase;
			buildActionMask = 2147483647;
			files = (
			);
			inputPaths = (
			);
			name = "[CP] Copy Pods Resources";
			outputPaths = (
			);
			runOnlyForDeploymentPostprocessing = 0;
			shellPath = /bin/sh;
			shellScript = "\"${SRCROOT}/Pods/Target Support Files/Pods-XcconfigExampleTests/Pods-XcconfigExampleTests-resources.sh\"\n";
			showEnvVarsInLog = 0;
		};
/* End PBXShellScriptBuildPhase section */

/* Begin PBXSourcesBuildPhase section */
		31664E102019C201007DE85A /* Sources */ = {
			isa = PBXSourcesBuildPhase;
			buildActionMask = 2147483647;
			files = (
				31664E1A2019C201007DE85A /* ViewController.swift in Sources */,
				31664E182019C201007DE85A /* AppDelegate.swift in Sources */,
			);
			runOnlyForDeploymentPostprocessing = 0;
		};
		31664E242019C201007DE85A /* Sources */ = {
			isa = PBXSourcesBuildPhase;
			buildActionMask = 2147483647;
			files = (
				31664E2D2019C201007DE85A /* XcconfigExampleTests.swift in Sources */,
			);
			runOnlyForDeploymentPostprocessing = 0;
		};
		31664E2F2019C201007DE85A /* Sources */ = {
			isa = PBXSourcesBuildPhase;
			buildActionMask = 2147483647;
			files = (
				31664E382019C201007DE85A /* XcconfigExampleUITests.swift in Sources */,
			);
			runOnlyForDeploymentPostprocessing = 0;
		};
/* End PBXSourcesBuildPhase section */

/* Begin PBXTargetDependency section */
		31664E2A2019C201007DE85A /* PBXTargetDependency */ = {
			isa = PBXTargetDependency;
			target = 31664E132019C201007DE85A /* XcconfigExample */;
			targetProxy = 31664E292019C201007DE85A /* PBXContainerItemProxy */;
		};
		31664E352019C201007DE85A /* PBXTargetDependency */ = {
			isa = PBXTargetDependency;
			target = 31664E132019C201007DE85A /* XcconfigExample */;
			targetProxy = 31664E342019C201007DE85A /* PBXContainerItemProxy */;
		};
/* End PBXTargetDependency section */

/* Begin PBXVariantGroup section */
		31664E1B2019C201007DE85A /* Main.storyboard */ = {
			isa = PBXVariantGroup;
			children = (
				31664E1C2019C201007DE85A /* Base */,
			);
			name = Main.storyboard;
			sourceTree = "<group>";
		};
		31664E202019C201007DE85A /* LaunchScreen.storyboard */ = {
			isa = PBXVariantGroup;
			children = (
				31664E212019C201007DE85A /* Base */,
			);
			name = LaunchScreen.storyboard;
			sourceTree = "<group>";
		};
/* End PBXVariantGroup section */

/* Begin XCBuildConfiguration section */
		31664E3A2019C201007DE85A /* Debug */ = {
			isa = XCBuildConfiguration;
			buildSettings = {
				ALWAYS_SEARCH_USER_PATHS = NO;
				CLANG_ANALYZER_NONNULL = YES;
				CLANG_ANALYZER_NUMBER_OBJECT_CONVERSION = YES_AGGRESSIVE;
				CLANG_CXX_LANGUAGE_STANDARD = "gnu++14";
				CLANG_CXX_LIBRARY = "libc++";
				CLANG_ENABLE_MODULES = YES;
				CLANG_ENABLE_OBJC_ARC = YES;
				CLANG_WARN_BLOCK_CAPTURE_AUTORELEASING = YES;
				CLANG_WARN_BOOL_CONVERSION = YES;
				CLANG_WARN_COMMA = YES;
				CLANG_WARN_CONSTANT_CONVERSION = YES;
				CLANG_WARN_DIRECT_OBJC_ISA_USAGE = YES_ERROR;
				CLANG_WARN_DOCUMENTATION_COMMENTS = YES;
				CLANG_WARN_EMPTY_BODY = YES;
				CLANG_WARN_ENUM_CONVERSION = YES;
				CLANG_WARN_INFINITE_RECURSION = YES;
				CLANG_WARN_INT_CONVERSION = YES;
				CLANG_WARN_NON_LITERAL_NULL_CONVERSION = YES;
				CLANG_WARN_OBJC_LITERAL_CONVERSION = YES;
				CLANG_WARN_OBJC_ROOT_CLASS = YES_ERROR;
				CLANG_WARN_RANGE_LOOP_ANALYSIS = YES;
				CLANG_WARN_STRICT_PROTOTYPES = YES;
				CLANG_WARN_SUSPICIOUS_MOVE = YES;
				CLANG_WARN_UNGUARDED_AVAILABILITY = YES_AGGRESSIVE;
				CLANG_WARN_UNREACHABLE_CODE = YES;
				CLANG_WARN__DUPLICATE_METHOD_MATCH = YES;
				CODE_SIGN_IDENTITY = "iPhone Developer";
				COPY_PHASE_STRIP = NO;
				DEBUG_INFORMATION_FORMAT = dwarf;
				ENABLE_STRICT_OBJC_MSGSEND = YES;
				ENABLE_TESTABILITY = YES;
				GCC_C_LANGUAGE_STANDARD = gnu11;
				GCC_DYNAMIC_NO_PIC = NO;
				GCC_NO_COMMON_BLOCKS = YES;
				GCC_OPTIMIZATION_LEVEL = 0;
				GCC_PREPROCESSOR_DEFINITIONS = (
					"DEBUG=1",
					"$(inherited)",
				);
				GCC_WARN_64_TO_32_BIT_CONVERSION = YES;
				GCC_WARN_ABOUT_RETURN_TYPE = YES_ERROR;
				GCC_WARN_UNDECLARED_SELECTOR = YES;
				GCC_WARN_UNINITIALIZED_AUTOS = YES_AGGRESSIVE;
				GCC_WARN_UNUSED_FUNCTION = YES;
				GCC_WARN_UNUSED_VARIABLE = YES;
				IPHONEOS_DEPLOYMENT_TARGET = 9.0;
				MTL_ENABLE_DEBUG_INFO = YES;
				ONLY_ACTIVE_ARCH = YES;
				SDKROOT = iphoneos;
				SWIFT_ACTIVE_COMPILATION_CONDITIONS = DEBUG;
				SWIFT_OPTIMIZATION_LEVEL = "-Onone";
			};
			name = Debug;
		};
		31664E3B2019C201007DE85A /* Release */ = {
			isa = XCBuildConfiguration;
			buildSettings = {
				ALWAYS_SEARCH_USER_PATHS = NO;
				CLANG_ANALYZER_NONNULL = YES;
				CLANG_ANALYZER_NUMBER_OBJECT_CONVERSION = YES_AGGRESSIVE;
				CLANG_CXX_LANGUAGE_STANDARD = "gnu++14";
				CLANG_CXX_LIBRARY = "libc++";
				CLANG_ENABLE_MODULES = YES;
				CLANG_ENABLE_OBJC_ARC = YES;
				CLANG_WARN_BLOCK_CAPTURE_AUTORELEASING = YES;
				CLANG_WARN_BOOL_CONVERSION = YES;
				CLANG_WARN_COMMA = YES;
				CLANG_WARN_CONSTANT_CONVERSION = YES;
				CLANG_WARN_DIRECT_OBJC_ISA_USAGE = YES_ERROR;
				CLANG_WARN_DOCUMENTATION_COMMENTS = YES;
				CLANG_WARN_EMPTY_BODY = YES;
				CLANG_WARN_ENUM_CONVERSION = YES;
				CLANG_WARN_INFINITE_RECURSION = YES;
				CLANG_WARN_INT_CONVERSION = YES;
				CLANG_WARN_NON_LITERAL_NULL_CONVERSION = YES;
				CLANG_WARN_OBJC_LITERAL_CONVERSION = YES;
				CLANG_WARN_OBJC_ROOT_CLASS = YES_ERROR;
				CLANG_WARN_RANGE_LOOP_ANALYSIS = YES;
				CLANG_WARN_STRICT_PROTOTYPES = YES;
				CLANG_WARN_SUSPICIOUS_MOVE = YES;
				CLANG_WARN_UNGUARDED_AVAILABILITY = YES_AGGRESSIVE;
				CLANG_WARN_UNREACHABLE_CODE = YES;
				CLANG_WARN__DUPLICATE_METHOD_MATCH = YES;
				CODE_SIGN_IDENTITY = "iPhone Developer";
				COPY_PHASE_STRIP = NO;
				DEBUG_INFORMATION_FORMAT = "dwarf-with-dsym";
				ENABLE_NS_ASSERTIONS = NO;
				ENABLE_STRICT_OBJC_MSGSEND = YES;
				GCC_C_LANGUAGE_STANDARD = gnu11;
				GCC_NO_COMMON_BLOCKS = YES;
				GCC_WARN_64_TO_32_BIT_CONVERSION = YES;
				GCC_WARN_ABOUT_RETURN_TYPE = YES_ERROR;
				GCC_WARN_UNDECLARED_SELECTOR = YES;
				GCC_WARN_UNINITIALIZED_AUTOS = YES_AGGRESSIVE;
				GCC_WARN_UNUSED_FUNCTION = YES;
				GCC_WARN_UNUSED_VARIABLE = YES;
				IPHONEOS_DEPLOYMENT_TARGET = 9.0;
				MTL_ENABLE_DEBUG_INFO = NO;
				SDKROOT = iphoneos;
				SWIFT_OPTIMIZATION_LEVEL = "-Owholemodule";
				VALIDATE_PRODUCT = YES;
			};
			name = Release;
		};
		31664E3D2019C201007DE85A /* Debug */ = {
			isa = XCBuildConfiguration;
			baseConfigurationReference = 31664E472019C24A007DE85A /* Debug.xcconfig */;
			buildSettings = {
				ASSETCATALOG_COMPILER_APPICON_NAME = "${XC_ASSETCATALOG_COMPILER_APPICON_NAME}";
				"CODE_SIGN_IDENTITY[sdk=iphoneos*]" = "iPhone Developer";
				CODE_SIGN_STYLE = Automatic;
				DEVELOPMENT_TEAM = 7KB47C9C8E;
				INFOPLIST_FILE = XcconfigExample/Info.plist;
				LD_RUNPATH_SEARCH_PATHS = "$(inherited) @executable_path/Frameworks";
				OTHER_SWIFT_FLAGS = "$(inherited) ${XC_CONFIG_FLAG}";
				PRODUCT_BUNDLE_IDENTIFIER = "${XC_PRODUCT_BUNDLE_IDENTIFIER}";
				PRODUCT_NAME = "${XC_PRODUCT_NAME}";
				PROVISIONING_PROFILE_SPECIFIER = "";
				SWIFT_ACTIVE_COMPILATION_CONDITIONS = "$(inherited)";
				SWIFT_VERSION = 4.0;
				TARGETED_DEVICE_FAMILY = 1;
			};
			name = Debug;
		};
		31664E3E2019C201007DE85A /* Release */ = {
			isa = XCBuildConfiguration;
			baseConfigurationReference = 31664E482019C258007DE85A /* Release.xcconfig */;
			buildSettings = {
				ASSETCATALOG_COMPILER_APPICON_NAME = "${XC_ASSETCATALOG_COMPILER_APPICON_NAME}";
				"CODE_SIGN_IDENTITY[sdk=iphoneos*]" = "iPhone Developer";
				CODE_SIGN_STYLE = Automatic;
				DEVELOPMENT_TEAM = 7KB47C9C8E;
				INFOPLIST_FILE = XcconfigExample/Info.plist;
				LD_RUNPATH_SEARCH_PATHS = "$(inherited) @executable_path/Frameworks";
				OTHER_SWIFT_FLAGS = "$(inherited) ${XC_CONFIG_FLAG}";
				PRODUCT_BUNDLE_IDENTIFIER = "${XC_PRODUCT_BUNDLE_IDENTIFIER}";
				PRODUCT_NAME = "${XC_PRODUCT_NAME}";
				PROVISIONING_PROFILE_SPECIFIER = "";
				SWIFT_ACTIVE_COMPILATION_CONDITIONS = "$(inherited)";
				SWIFT_VERSION = 4.0;
				TARGETED_DEVICE_FAMILY = 1;
			};
			name = Release;
		};
		31664E402019C201007DE85A /* Debug */ = {
			isa = XCBuildConfiguration;
			buildSettings = {
				ALWAYS_EMBED_SWIFT_STANDARD_LIBRARIES = YES;
				BUNDLE_LOADER = "$(TEST_HOST)";
				CODE_SIGN_STYLE = Automatic;
				INFOPLIST_FILE = XcconfigExampleTests/Info.plist;
				LD_RUNPATH_SEARCH_PATHS = "$(inherited) @executable_path/Frameworks @loader_path/Frameworks";
				PRODUCT_BUNDLE_IDENTIFIER = com.deerdev.XcconfigExampleTests;
				PRODUCT_NAME = "$(TARGET_NAME)";
				SWIFT_VERSION = 4.0;
				TARGETED_DEVICE_FAMILY = "1,2";
				TEST_HOST = "$(BUILT_PRODUCTS_DIR)/XcconfigExample.app/XcconfigExample";
			};
			name = Debug;
		};
		31664E412019C201007DE85A /* Release */ = {
			isa = XCBuildConfiguration;
			buildSettings = {
				ALWAYS_EMBED_SWIFT_STANDARD_LIBRARIES = YES;
				BUNDLE_LOADER = "$(TEST_HOST)";
				CODE_SIGN_STYLE = Automatic;
				INFOPLIST_FILE = XcconfigExampleTests/Info.plist;
				LD_RUNPATH_SEARCH_PATHS = "$(inherited) @executable_path/Frameworks @loader_path/Frameworks";
				PRODUCT_BUNDLE_IDENTIFIER = com.deerdev.XcconfigExampleTests;
				PRODUCT_NAME = "$(TARGET_NAME)";
				SWIFT_VERSION = 4.0;
				TARGETED_DEVICE_FAMILY = "1,2";
				TEST_HOST = "$(BUILT_PRODUCTS_DIR)/XcconfigExample.app/XcconfigExample";
			};
			name = Release;
		};
		31664E432019C201007DE85A /* Debug */ = {
			isa = XCBuildConfiguration;
			buildSettings = {
				ALWAYS_EMBED_SWIFT_STANDARD_LIBRARIES = YES;
				CODE_SIGN_STYLE = Automatic;
				INFOPLIST_FILE = XcconfigExampleUITests/Info.plist;
				LD_RUNPATH_SEARCH_PATHS = "$(inherited) @executable_path/Frameworks @loader_path/Frameworks";
				PRODUCT_BUNDLE_IDENTIFIER = com.deerdev.XcconfigExampleUITests;
				PRODUCT_NAME = "$(TARGET_NAME)";
				SWIFT_VERSION = 4.0;
				TARGETED_DEVICE_FAMILY = "1,2";
				TEST_TARGET_NAME = XcconfigExample;
			};
			name = Debug;
		};
		31664E442019C201007DE85A /* Release */ = {
			isa = XCBuildConfiguration;
			buildSettings = {
				ALWAYS_EMBED_SWIFT_STANDARD_LIBRARIES = YES;
				CODE_SIGN_STYLE = Automatic;
				INFOPLIST_FILE = XcconfigExampleUITests/Info.plist;
				LD_RUNPATH_SEARCH_PATHS = "$(inherited) @executable_path/Frameworks @loader_path/Frameworks";
				PRODUCT_BUNDLE_IDENTIFIER = com.deerdev.XcconfigExampleUITests;
				PRODUCT_NAME = "$(TARGET_NAME)";
				SWIFT_VERSION = 4.0;
				TARGETED_DEVICE_FAMILY = "1,2";
				TEST_TARGET_NAME = XcconfigExample;
			};
			name = Release;
		};
		31664E4A2019C2C2007DE85A /* PreRelease */ = {
			isa = XCBuildConfiguration;
			buildSettings = {
				ALWAYS_SEARCH_USER_PATHS = NO;
				CLANG_ANALYZER_NONNULL = YES;
				CLANG_ANALYZER_NUMBER_OBJECT_CONVERSION = YES_AGGRESSIVE;
				CLANG_CXX_LANGUAGE_STANDARD = "gnu++14";
				CLANG_CXX_LIBRARY = "libc++";
				CLANG_ENABLE_MODULES = YES;
				CLANG_ENABLE_OBJC_ARC = YES;
				CLANG_WARN_BLOCK_CAPTURE_AUTORELEASING = YES;
				CLANG_WARN_BOOL_CONVERSION = YES;
				CLANG_WARN_COMMA = YES;
				CLANG_WARN_CONSTANT_CONVERSION = YES;
				CLANG_WARN_DIRECT_OBJC_ISA_USAGE = YES_ERROR;
				CLANG_WARN_DOCUMENTATION_COMMENTS = YES;
				CLANG_WARN_EMPTY_BODY = YES;
				CLANG_WARN_ENUM_CONVERSION = YES;
				CLANG_WARN_INFINITE_RECURSION = YES;
				CLANG_WARN_INT_CONVERSION = YES;
				CLANG_WARN_NON_LITERAL_NULL_CONVERSION = YES;
				CLANG_WARN_OBJC_LITERAL_CONVERSION = YES;
				CLANG_WARN_OBJC_ROOT_CLASS = YES_ERROR;
				CLANG_WARN_RANGE_LOOP_ANALYSIS = YES;
				CLANG_WARN_STRICT_PROTOTYPES = YES;
				CLANG_WARN_SUSPICIOUS_MOVE = YES;
				CLANG_WARN_UNGUARDED_AVAILABILITY = YES_AGGRESSIVE;
				CLANG_WARN_UNREACHABLE_CODE = YES;
				CLANG_WARN__DUPLICATE_METHOD_MATCH = YES;
				CODE_SIGN_IDENTITY = "iPhone Developer";
				COPY_PHASE_STRIP = NO;
				DEBUG_INFORMATION_FORMAT = "dwarf-with-dsym";
				ENABLE_NS_ASSERTIONS = NO;
				ENABLE_STRICT_OBJC_MSGSEND = YES;
				GCC_C_LANGUAGE_STANDARD = gnu11;
				GCC_NO_COMMON_BLOCKS = YES;
				GCC_WARN_64_TO_32_BIT_CONVERSION = YES;
				GCC_WARN_ABOUT_RETURN_TYPE = YES_ERROR;
				GCC_WARN_UNDECLARED_SELECTOR = YES;
				GCC_WARN_UNINITIALIZED_AUTOS = YES_AGGRESSIVE;
				GCC_WARN_UNUSED_FUNCTION = YES;
				GCC_WARN_UNUSED_VARIABLE = YES;
				IPHONEOS_DEPLOYMENT_TARGET = 9.0;
				MTL_ENABLE_DEBUG_INFO = NO;
				SDKROOT = iphoneos;
				SWIFT_OPTIMIZATION_LEVEL = "-Owholemodule";
				VALIDATE_PRODUCT = YES;
			};
			name = PreRelease;
		};
		31664E4B2019C2C2007DE85A /* PreRelease */ = {
			isa = XCBuildConfiguration;
			baseConfigurationReference = 31664E492019C264007DE85A /* PreRelease.xcconfig */;
			buildSettings = {
				ASSETCATALOG_COMPILER_APPICON_NAME = "${XC_ASSETCATALOG_COMPILER_APPICON_NAME}";
				"CODE_SIGN_IDENTITY[sdk=iphoneos*]" = "iPhone Developer";
				CODE_SIGN_STYLE = Automatic;
				DEVELOPMENT_TEAM = 7KB47C9C8E;
				INFOPLIST_FILE = XcconfigExample/Info.plist;
				LD_RUNPATH_SEARCH_PATHS = "$(inherited) @executable_path/Frameworks";
				OTHER_SWIFT_FLAGS = "$(inherited) ${XC_CONFIG_FLAG}";
				PRODUCT_BUNDLE_IDENTIFIER = "${XC_PRODUCT_BUNDLE_IDENTIFIER}";
				PRODUCT_NAME = "${XC_PRODUCT_NAME}";
				PROVISIONING_PROFILE_SPECIFIER = "";
				SWIFT_ACTIVE_COMPILATION_CONDITIONS = "$(inherited)";
				SWIFT_VERSION = 4.0;
				TARGETED_DEVICE_FAMILY = 1;
			};
			name = PreRelease;
		};
		31664E4C2019C2C2007DE85A /* PreRelease */ = {
			isa = XCBuildConfiguration;
			buildSettings = {
				ALWAYS_EMBED_SWIFT_STANDARD_LIBRARIES = YES;
				BUNDLE_LOADER = "$(TEST_HOST)";
				CODE_SIGN_STYLE = Automatic;
				INFOPLIST_FILE = XcconfigExampleTests/Info.plist;
				LD_RUNPATH_SEARCH_PATHS = "$(inherited) @executable_path/Frameworks @loader_path/Frameworks";
				PRODUCT_BUNDLE_IDENTIFIER = com.deerdev.XcconfigExampleTests;
				PRODUCT_NAME = "$(TARGET_NAME)";
				SWIFT_VERSION = 4.0;
				TARGETED_DEVICE_FAMILY = "1,2";
				TEST_HOST = "$(BUILT_PRODUCTS_DIR)/XcconfigExample.app/XcconfigExample";
			};
			name = PreRelease;
		};
		31664E4D2019C2C2007DE85A /* PreRelease */ = {
			isa = XCBuildConfiguration;
			buildSettings = {
				ALWAYS_EMBED_SWIFT_STANDARD_LIBRARIES = YES;
				CODE_SIGN_STYLE = Automatic;
				INFOPLIST_FILE = XcconfigExampleUITests/Info.plist;
				LD_RUNPATH_SEARCH_PATHS = "$(inherited) @executable_path/Frameworks @loader_path/Frameworks";
				PRODUCT_BUNDLE_IDENTIFIER = com.deerdev.XcconfigExampleUITests;
				PRODUCT_NAME = "$(TARGET_NAME)";
				SWIFT_VERSION = 4.0;
				TARGETED_DEVICE_FAMILY = "1,2";
				TEST_TARGET_NAME = XcconfigExample;
			};
			name = PreRelease;
		};
/* End XCBuildConfiguration section */

/* Begin XCConfigurationList section */
		31664E0F2019C201007DE85A /* Build configuration list for PBXProject "XcconfigExample" */ = {
			isa = XCConfigurationList;
			buildConfigurations = (
				31664E3A2019C201007DE85A /* Debug */,
				31664E3B2019C201007DE85A /* Release */,
				31664E4A2019C2C2007DE85A /* PreRelease */,
			);
			defaultConfigurationIsVisible = 0;
			defaultConfigurationName = Release;
		};
		31664E3C2019C201007DE85A /* Build configuration list for PBXNativeTarget "XcconfigExample" */ = {
			isa = XCConfigurationList;
			buildConfigurations = (
				31664E3D2019C201007DE85A /* Debug */,
				31664E3E2019C201007DE85A /* Release */,
				31664E4B2019C2C2007DE85A /* PreRelease */,
			);
			defaultConfigurationIsVisible = 0;
			defaultConfigurationName = Release;
		};
		31664E3F2019C201007DE85A /* Build configuration list for PBXNativeTarget "XcconfigExampleTests" */ = {
			isa = XCConfigurationList;
			buildConfigurations = (
				31664E402019C201007DE85A /* Debug */,
				31664E412019C201007DE85A /* Release */,
				31664E4C2019C2C2007DE85A /* PreRelease */,
			);
			defaultConfigurationIsVisible = 0;
			defaultConfigurationName = Release;
		};
		31664E422019C201007DE85A /* Build configuration list for PBXNativeTarget "XcconfigExampleUITests" */ = {
			isa = XCConfigurationList;
			buildConfigurations = (
				31664E432019C201007DE85A /* Debug */,
				31664E442019C201007DE85A /* Release */,
				31664E4D2019C2C2007DE85A /* PreRelease */,
			);
			defaultConfigurationIsVisible = 0;
			defaultConfigurationName = Release;
		};
/* End XCConfigurationList section */
	};
	rootObject = 31664E0C2019C201007DE85A /* Project object */;
}
