// !$*UTF8*$!
{
	archiveVersion = 1;
	classes = {
	};
	objectVersion = 50;
	objects = {

/* Begin PBXBuildFile section */
		1B780674207E093100790BD1 /* PNFileUtil.swift in Sources */ = {isa = PBXBuildFile; fileRef = 1B780673207E093100790BD1 /* PNFileUtil.swift */; };
		1B780676207E211000790BD1 /* NetWorkToolForMultiTask.swift in Sources */ = {isa = PBXBuildFile; fileRef = 1B780675207E211000790BD1 /* NetWorkToolForMultiTask.swift */; };
		1B78067A207E248F00790BD1 /* NSURLSession+extention.m in Sources */ = {isa = PBXBuildFile; fileRef = 1B780679207E248F00790BD1 /* NSURLSession+extention.m */; };
		1B8B8239207CAF7E00BA5422 /* AppDelegate.swift in Sources */ = {isa = PBXBuildFile; fileRef = 1B8B8238207CAF7E00BA5422 /* AppDelegate.swift */; };
		1B8B823B207CAF7E00BA5422 /* ViewController.swift in Sources */ = {isa = PBXBuildFile; fileRef = 1B8B823A207CAF7E00BA5422 /* ViewController.swift */; };
		1B8B823E207CAF7E00BA5422 /* Main.storyboard in Resources */ = {isa = PBXBuildFile; fileRef = 1B8B823C207CAF7E00BA5422 /* Main.storyboard */; };
		1B8B8240207CAF8100BA5422 /* Assets.xcassets in Resources */ = {isa = PBXBuildFile; fileRef = 1B8B823F207CAF8100BA5422 /* Assets.xcassets */; };
		1B8B8243207CAF8100BA5422 /* LaunchScreen.storyboard in Resources */ = {isa = PBXBuildFile; fileRef = 1B8B8241207CAF8100BA5422 /* LaunchScreen.storyboard */; };
		1B8B824B207CB32B00BA5422 /* NetWorkToolForOneTask.swift in Sources */ = {isa = PBXBuildFile; fileRef = 1B8B824A207CB32B00BA5422 /* NetWorkToolForOneTask.swift */; };
/* End PBXBuildFile section */

/* Begin PBXFileReference section */
		1B780673207E093100790BD1 /* PNFileUtil.swift */ = {isa = PBXFileReference; fileEncoding = 4; lastKnownFileType = sourcecode.swift; path = PNFileUtil.swift; sourceTree = "<group>"; };
		1B780675207E211000790BD1 /* NetWorkToolForMultiTask.swift */ = {isa = PBXFileReference; lastKnownFileType = sourcecode.swift; path = NetWorkToolForMultiTask.swift; sourceTree = "<group>"; };
		1B780677207E248E00790BD1 /* BackgroundDownload-Bridging-Header.h */ = {isa = PBXFileReference; lastKnownFileType = sourcecode.c.h; path = "BackgroundDownload-Bridging-Header.h"; sourceTree = "<group>"; };
		1B780678207E248F00790BD1 /* NSURLSession+extention.h */ = {isa = PBXFileReference; lastKnownFileType = sourcecode.c.h; path = "NSURLSession+extention.h"; sourceTree = "<group>"; };
		1B780679207E248F00790BD1 /* NSURLSession+extention.m */ = {isa = PBXFileReference; lastKnownFileType = sourcecode.c.objc; path = "NSURLSession+extention.m"; sourceTree = "<group>"; };
		1B8B8235207CAF7E00BA5422 /* BackgroundDownload.app */ = {isa = PBXFileReference; explicitFileType = wrapper.application; includeInIndex = 0; path = BackgroundDownload.app; sourceTree = BUILT_PRODUCTS_DIR; };
		1B8B8238207CAF7E00BA5422 /* AppDelegate.swift */ = {isa = PBXFileReference; lastKnownFileType = sourcecode.swift; path = AppDelegate.swift; sourceTree = "<group>"; };
		1B8B823A207CAF7E00BA5422 /* ViewController.swift */ = {isa = PBXFileReference; lastKnownFileType = sourcecode.swift; path = ViewController.swift; sourceTree = "<group>"; };
		1B8B823D207CAF7E00BA5422 /* Base */ = {isa = PBXFileReference; lastKnownFileType = file.storyboard; name = Base; path = Base.lproj/Main.storyboard; sourceTree = "<group>"; };
		1B8B823F207CAF8100BA5422 /* Assets.xcassets */ = {isa = PBXFileReference; lastKnownFileType = folder.assetcatalog; path = Assets.xcassets; sourceTree = "<group>"; };
		1B8B8242207CAF8100BA5422 /* Base */ = {isa = PBXFileReference; lastKnownFileType = file.storyboard; name = Base; path = Base.lproj/LaunchScreen.storyboard; sourceTree = "<group>"; };
		1B8B8244207CAF8100BA5422 /* Info.plist */ = {isa = PBXFileReference; lastKnownFileType = text.plist.xml; path = Info.plist; sourceTree = "<group>"; };
		1B8B824A207CB32B00BA5422 /* NetWorkToolForOneTask.swift */ = {isa = PBXFileReference; lastKnownFileType = sourcecode.swift; path = NetWorkToolForOneTask.swift; sourceTree = "<group>"; };
		1B8B824C207DEAEE00BA5422 /* MyPlayground.playground */ = {isa = PBXFileReference; lastKnownFileType = file.playground; path = MyPlayground.playground; sourceTree = "<group>"; xcLanguageSpecificationIdentifier = xcode.lang.swift; };
/* End PBXFileReference section */

/* Begin PBXFrameworksBuildPhase section */
		1B8B8232207CAF7E00BA5422 /* Frameworks */ = {
			isa = PBXFrameworksBuildPhase;
			buildActionMask = 2147483647;
			files = (
			);
			runOnlyForDeploymentPostprocessing = 0;
		};
/* End PBXFrameworksBuildPhase section */

/* Begin PBXGroup section */
		1B8B822C207CAF7E00BA5422 = {
			isa = PBXGroup;
			children = (
				1B8B824C207DEAEE00BA5422 /* MyPlayground.playground */,
				1B8B8237207CAF7E00BA5422 /* BackgroundDownload */,
				1B8B8236207CAF7E00BA5422 /* Products */,
			);
			sourceTree = "<group>";
		};
		1B8B8236207CAF7E00BA5422 /* Products */ = {
			isa = PBXGroup;
			children = (
				1B8B8235207CAF7E00BA5422 /* BackgroundDownload.app */,
			);
			name = Products;
			sourceTree = "<group>";
		};
		1B8B8237207CAF7E00BA5422 /* BackgroundDownload */ = {
			isa = PBXGroup;
			children = (
				1B780673207E093100790BD1 /* PNFileUtil.swift */,
				1B8B8238207CAF7E00BA5422 /* AppDelegate.swift */,
				1B8B823A207CAF7E00BA5422 /* ViewController.swift */,
				1B8B823C207CAF7E00BA5422 /* Main.storyboard */,
				1B8B823F207CAF8100BA5422 /* Assets.xcassets */,
				1B8B8241207CAF8100BA5422 /* LaunchScreen.storyboard */,
				1B8B8244207CAF8100BA5422 /* Info.plist */,
				1B8B824A207CB32B00BA5422 /* NetWorkToolForOneTask.swift */,
				1B780675207E211000790BD1 /* NetWorkToolForMultiTask.swift */,
				1B780678207E248F00790BD1 /* NSURLSession+extention.h */,
				1B780679207E248F00790BD1 /* NSURLSession+extention.m */,
				1B780677207E248E00790BD1 /* BackgroundDownload-Bridging-Header.h */,
			);
			path = BackgroundDownload;
			sourceTree = "<group>";
		};
/* End PBXGroup section */

/* Begin PBXNativeTarget section */
		1B8B8234207CAF7E00BA5422 /* BackgroundDownload */ = {
			isa = PBXNativeTarget;
			buildConfigurationList = 1B8B8247207CAF8100BA5422 /* Build configuration list for PBXNativeTarget "BackgroundDownload" */;
			buildPhases = (
				1B8B8231207CAF7E00BA5422 /* Sources */,
				1B8B8232207CAF7E00BA5422 /* Frameworks */,
				1B8B8233207CAF7E00BA5422 /* Resources */,
			);
			buildRules = (
			);
			dependencies = (
			);
			name = BackgroundDownload;
			productName = BackgroundDownload;
			productReference = 1B8B8235207CAF7E00BA5422 /* BackgroundDownload.app */;
			productType = "com.apple.product-type.application";
		};
/* End PBXNativeTarget section */

/* Begin PBXProject section */
		1B8B822D207CAF7E00BA5422 /* Project object */ = {
			isa = PBXProject;
			attributes = {
				LastSwiftUpdateCheck = 0930;
				LastUpgradeCheck = 0930;
				ORGANIZATIONNAME = deer;
				TargetAttributes = {
					1B8B8234207CAF7E00BA5422 = {
						CreatedOnToolsVersion = 9.3;
						LastSwiftMigration = 0930;
					};
				};
			};
			buildConfigurationList = 1B8B8230207CAF7E00BA5422 /* Build configuration list for PBXProject "BackgroundDownload" */;
			compatibilityVersion = "Xcode 9.3";
			developmentRegion = en;
			hasScannedForEncodings = 0;
			knownRegions = (
				en,
				Base,
			);
			mainGroup = 1B8B822C207CAF7E00BA5422;
			productRefGroup = 1B8B8236207CAF7E00BA5422 /* Products */;
			projectDirPath = "";
			projectRoot = "";
			targets = (
				1B8B8234207CAF7E00BA5422 /* BackgroundDownload */,
			);
		};
/* End PBXProject section */

/* Begin PBXResourcesBuildPhase section */
		1B8B8233207CAF7E00BA5422 /* Resources */ = {
			isa = PBXResourcesBuildPhase;
			buildActionMask = 2147483647;
			files = (
				1B8B8243207CAF8100BA5422 /* LaunchScreen.storyboard in Resources */,
				1B8B8240207CAF8100BA5422 /* Assets.xcassets in Resources */,
				1B8B823E207CAF7E00BA5422 /* Main.storyboard in Resources */,
			);
			runOnlyForDeploymentPostprocessing = 0;
		};
/* End PBXResourcesBuildPhase section */

/* Begin PBXSourcesBuildPhase section */
		1B8B8231207CAF7E00BA5422 /* Sources */ = {
			isa = PBXSourcesBuildPhase;
			buildActionMask = 2147483647;
			files = (
				1B8B824B207CB32B00BA5422 /* NetWorkToolForOneTask.swift in Sources */,
				1B8B823B207CAF7E00BA5422 /* ViewController.swift in Sources */,
				1B78067A207E248F00790BD1 /* NSURLSession+extention.m in Sources */,
				1B780676207E211000790BD1 /* NetWorkToolForMultiTask.swift in Sources */,
				1B8B8239207CAF7E00BA5422 /* AppDelegate.swift in Sources */,
				1B780674207E093100790BD1 /* PNFileUtil.swift in Sources */,
			);
			runOnlyForDeploymentPostprocessing = 0;
		};
/* End PBXSourcesBuildPhase section */

/* Begin PBXVariantGroup section */
		1B8B823C207CAF7E00BA5422 /* Main.storyboard */ = {
			isa = PBXVariantGroup;
			children = (
				1B8B823D207CAF7E00BA5422 /* Base */,
			);
			name = Main.storyboard;
			sourceTree = "<group>";
		};
		1B8B8241207CAF8100BA5422 /* LaunchScreen.storyboard */ = {
			isa = PBXVariantGroup;
			children = (
				1B8B8242207CAF8100BA5422 /* Base */,
			);
			name = LaunchScreen.storyboard;
			sourceTree = "<group>";
		};
/* End PBXVariantGroup section */

/* Begin XCBuildConfiguration section */
		1B8B8245207CAF8100BA5422 /* Debug */ = {
			isa = XCBuildConfiguration;
			buildSettings = {
				ALWAYS_SEARCH_USER_PATHS = NO;
				CLANG_ANALYZER_NONNULL = YES;
				CLANG_ANALYZER_NUMBER_OBJECT_CONVERSION = YES_AGGRESSIVE;
				CLANG_CXX_LANGUAGE_STANDARD = "gnu++14";
				CLANG_CXX_LIBRARY = "libc++";
				CLANG_ENABLE_MODULES = YES;
				CLANG_ENABLE_OBJC_ARC = YES;
				CLANG_ENABLE_OBJC_WEAK = YES;
				CLANG_WARN_BLOCK_CAPTURE_AUTORELEASING = YES;
				CLANG_WARN_BOOL_CONVERSION = YES;
				CLANG_WARN_COMMA = YES;
				CLANG_WARN_CONSTANT_CONVERSION = YES;
				CLANG_WARN_DEPRECATED_OBJC_IMPLEMENTATIONS = YES;
				CLANG_WARN_DIRECT_OBJC_ISA_USAGE = YES_ERROR;
				CLANG_WARN_DOCUMENTATION_COMMENTS = YES;
				CLANG_WARN_EMPTY_BODY = YES;
				CLANG_WARN_ENUM_CONVERSION = YES;
				CLANG_WARN_INFINITE_RECURSION = YES;
				CLANG_WARN_INT_CONVERSION = YES;
				CLANG_WARN_NON_LITERAL_NULL_CONVERSION = YES;
				CLANG_WARN_OBJC_IMPLICIT_RETAIN_SELF = YES;
				CLANG_WARN_OBJC_LITERAL_CONVERSION = YES;
				CLANG_WARN_OBJC_ROOT_CLASS = YES_ERROR;
				CLANG_WARN_RANGE_LOOP_ANALYSIS = YES;
				CLANG_WARN_STRICT_PROTOTYPES = YES;
				CLANG_WARN_SUSPICIOUS_MOVE = YES;
				CLANG_WARN_UNGUARDED_AVAILABILITY = YES_AGGRESSIVE;
				CLANG_WARN_UNREACHABLE_CODE = YES;
				CLANG_WARN__DUPLICATE_METHOD_MATCH = YES;
				CODE_SIGN_IDENTITY = "iPhone Developer";
				COPY_PHASE_STRIP = NO;
				DEBUG_INFORMATION_FORMAT = dwarf;
				ENABLE_STRICT_OBJC_MSGSEND = YES;
				ENABLE_TESTABILITY = YES;
				GCC_C_LANGUAGE_STANDARD = gnu11;
				GCC_DYNAMIC_NO_PIC = NO;
				GCC_NO_COMMON_BLOCKS = YES;
				GCC_OPTIMIZATION_LEVEL = 0;
				GCC_PREPROCESSOR_DEFINITIONS = (
					"DEBUG=1",
					"$(inherited)",
				);
				GCC_WARN_64_TO_32_BIT_CONVERSION = YES;
				GCC_WARN_ABOUT_RETURN_TYPE = YES_ERROR;
				GCC_WARN_UNDECLARED_SELECTOR = YES;
				GCC_WARN_UNINITIALIZED_AUTOS = YES_AGGRESSIVE;
				GCC_WARN_UNUSED_FUNCTION = YES;
				GCC_WARN_UNUSED_VARIABLE = YES;
				IPHONEOS_DEPLOYMENT_TARGET = 11.3;
				MTL_ENABLE_DEBUG_INFO = YES;
				ONLY_ACTIVE_ARCH = YES;
				SDKROOT = iphoneos;
				SWIFT_ACTIVE_COMPILATION_CONDITIONS = DEBUG;
				SWIFT_OPTIMIZATION_LEVEL = "-Onone";
			};
			name = Debug;
		};
		1B8B8246207CAF8100BA5422 /* Release */ = {
			isa = XCBuildConfiguration;
			buildSettings = {
				ALWAYS_SEARCH_USER_PATHS = NO;
				CLANG_ANALYZER_NONNULL = YES;
				CLANG_ANALYZER_NUMBER_OBJECT_CONVERSION = YES_AGGRESSIVE;
				CLANG_CXX_LANGUAGE_STANDARD = "gnu++14";
				CLANG_CXX_LIBRARY = "libc++";
				CLANG_ENABLE_MODULES = YES;
				CLANG_ENABLE_OBJC_ARC = YES;
				CLANG_ENABLE_OBJC_WEAK = YES;
				CLANG_WARN_BLOCK_CAPTURE_AUTORELEASING = YES;
				CLANG_WARN_BOOL_CONVERSION = YES;
				CLANG_WARN_COMMA = YES;
				CLANG_WARN_CONSTANT_CONVERSION = YES;
				CLANG_WARN_DEPRECATED_OBJC_IMPLEMENTATIONS = YES;
				CLANG_WARN_DIRECT_OBJC_ISA_USAGE = YES_ERROR;
				CLANG_WARN_DOCUMENTATION_COMMENTS = YES;
				CLANG_WARN_EMPTY_BODY = YES;
				CLANG_WARN_ENUM_CONVERSION = YES;
				CLANG_WARN_INFINITE_RECURSION = YES;
				CLANG_WARN_INT_CONVERSION = YES;
				CLANG_WARN_NON_LITERAL_NULL_CONVERSION = YES;
				CLANG_WARN_OBJC_IMPLICIT_RETAIN_SELF = YES;
				CLANG_WARN_OBJC_LITERAL_CONVERSION = YES;
				CLANG_WARN_OBJC_ROOT_CLASS = YES_ERROR;
				CLANG_WARN_RANGE_LOOP_ANALYSIS = YES;
				CLANG_WARN_STRICT_PROTOTYPES = YES;
				CLANG_WARN_SUSPICIOUS_MOVE = YES;
				CLANG_WARN_UNGUARDED_AVAILABILITY = YES_AGGRESSIVE;
				CLANG_WARN_UNREACHABLE_CODE = YES;
				CLANG_WARN__DUPLICATE_METHOD_MATCH = YES;
				CODE_SIGN_IDENTITY = "iPhone Developer";
				COPY_PHASE_STRIP = NO;
				DEBUG_INFORMATION_FORMAT = "dwarf-with-dsym";
				ENABLE_NS_ASSERTIONS = NO;
				ENABLE_STRICT_OBJC_MSGSEND = YES;
				GCC_C_LANGUAGE_STANDARD = gnu11;
				GCC_NO_COMMON_BLOCKS = YES;
				GCC_WARN_64_TO_32_BIT_CONVERSION = YES;
				GCC_WARN_ABOUT_RETURN_TYPE = YES_ERROR;
				GCC_WARN_UNDECLARED_SELECTOR = YES;
				GCC_WARN_UNINITIALIZED_AUTOS = YES_AGGRESSIVE;
				GCC_WARN_UNUSED_FUNCTION = YES;
				GCC_WARN_UNUSED_VARIABLE = YES;
				IPHONEOS_DEPLOYMENT_TARGET = 11.3;
				MTL_ENABLE_DEBUG_INFO = NO;
				SDKROOT = iphoneos;
				SWIFT_COMPILATION_MODE = wholemodule;
				SWIFT_OPTIMIZATION_LEVEL = "-O";
				VALIDATE_PRODUCT = YES;
			};
			name = Release;
		};
		1B8B8248207CAF8100BA5422 /* Debug */ = {
			isa = XCBuildConfiguration;
			buildSettings = {
				ASSETCATALOG_COMPILER_APPICON_NAME = AppIcon;
				CLANG_ENABLE_MODULES = YES;
				CODE_SIGN_STYLE = Automatic;
				DEVELOPMENT_TEAM = 7KB47C9C8E;
				INFOPLIST_FILE = BackgroundDownload/Info.plist;
				IPHONEOS_DEPLOYMENT_TARGET = 10.0;
				LD_RUNPATH_SEARCH_PATHS = (
					"$(inherited)",
					"@executable_path/Frameworks",
				);
				PRODUCT_BUNDLE_IDENTIFIER = deer.BackgroundDownload;
				PRODUCT_NAME = "$(TARGET_NAME)";
				SWIFT_OBJC_BRIDGING_HEADER = "BackgroundDownload/BackgroundDownload-Bridging-Header.h";
				SWIFT_OPTIMIZATION_LEVEL = "-Onone";
				SWIFT_VERSION = 4.0;
				TARGETED_DEVICE_FAMILY = "1,2";
			};
			name = Debug;
		};
		1B8B8249207CAF8100BA5422 /* Release */ = {
			isa = XCBuildConfiguration;
			buildSettings = {
				ASSETCATALOG_COMPILER_APPICON_NAME = AppIcon;
				CLANG_ENABLE_MODULES = YES;
				CODE_SIGN_STYLE = Automatic;
				DEVELOPMENT_TEAM = 7KB47C9C8E;
				INFOPLIST_FILE = BackgroundDownload/Info.plist;
				IPHONEOS_DEPLOYMENT_TARGET = 10.0;
				LD_RUNPATH_SEARCH_PATHS = (
					"$(inherited)",
					"@executable_path/Frameworks",
				);
				PRODUCT_BUNDLE_IDENTIFIER = deer.BackgroundDownload;
				PRODUCT_NAME = "$(TARGET_NAME)";
				SWIFT_OBJC_BRIDGING_HEADER = "BackgroundDownload/BackgroundDownload-Bridging-Header.h";
				SWIFT_VERSION = 4.0;
				TARGETED_DEVICE_FAMILY = "1,2";
			};
			name = Release;
		};
/* End XCBuildConfiguration section */

/* Begin XCConfigurationList section */
		1B8B8230207CAF7E00BA5422 /* Build configuration list for PBXProject "BackgroundDownload" */ = {
			isa = XCConfigurationList;
			buildConfigurations = (
				1B8B8245207CAF8100BA5422 /* Debug */,
				1B8B8246207CAF8100BA5422 /* Release */,
			);
			defaultConfigurationIsVisible = 0;
			defaultConfigurationName = Release;
		};
		1B8B8247207CAF8100BA5422 /* Build configuration list for PBXNativeTarget "BackgroundDownload" */ = {
			isa = XCConfigurationList;
			buildConfigurations = (
				1B8B8248207CAF8100BA5422 /* Debug */,
				1B8B8249207CAF8100BA5422 /* Release */,
			);
			defaultConfigurationIsVisible = 0;
			defaultConfigurationName = Release;
		};
/* End XCConfigurationList section */
	};
	rootObject = 1B8B822D207CAF7E00BA5422 /* Project object */;
}
